Microsoft Visual Studio Solution File, Format Version 8.00
Project("{F184B08F-C81C-45F6-A57F-5ABD9991F28F}") = "PeptideHitResultsProcRunner", "PeptideHitResultsProcRunner.vbproj", "{76DE4362-C584-4C8B-8F27-4AFF61FB4BD7}"
	ProjectSection(ProjectDependencies) = postProject
	EndProjectSection
EndProject
Project("{F184B08F-C81C-45F6-A57F-5ABD9991F28F}") = "PeptideHitResultsProcessor", "PeptideHitResultsProcessor\PeptideHitResultsProcessor.vbproj", "{101064E4-F653-4E4E-9C61-3BD11EA0B197}"
	ProjectSection(ProjectDependencies) = postProject
	EndProjectSection
EndProject
Global
	GlobalSection(SolutionConfiguration) = preSolution
		Debug = Debug
		Release = Release
	EndGlobalSection
	GlobalSection(ProjectConfiguration) = postSolution
		{76DE4362-C584-4C8B-8F27-4AFF61FB4BD7}.Debug.ActiveCfg = Debug|.NET
		{76DE4362-C584-4C8B-8F27-4AFF61FB4BD7}.Debug.Build.0 = Debug|.NET
		{76DE4362-C584-4C8B-8F27-4AFF61FB4BD7}.Release.ActiveCfg = Release|.NET
		{76DE4362-C584-4C8B-8F27-4AFF61FB4BD7}.Release.Build.0 = Release|.NET
		{101064E4-F653-4E4E-9C61-3BD11EA0B197}.Debug.ActiveCfg = Debug|.NET
		{101064E4-F653-4E4E-9C61-3BD11EA0B197}.Debug.Build.0 = Debug|.NET
		{101064E4-F653-4E4E-9C61-3BD11EA0B197}.Release.ActiveCfg = Release|.NET
		{101064E4-F653-4E4E-9C61-3BD11EA0B197}.Release.Build.0 = Release|.NET
	EndGlobalSection
	GlobalSection(ExtensibilityGlobals) = postSolution
	EndGlobalSection
	GlobalSection(ExtensibilityAddIns) = postSolution
	EndGlobalSection
EndGlobal
